<?xml version="1.0" encoding="utf-8"?>
<Project ToolsVersion="4.0" xmlns="http://schemas.microsoft.com/developer/msbuild/2003">
  <ItemGroup>
    <Filter Include="소스 파일">
      <UniqueIdentifier>{4FC737F1-C7A5-4376-A066-2A32D752A2FF}</UniqueIdentifier>
      <Extensions>cpp;c;cc;cxx;c++;cppm;ixx;def;odl;idl;hpj;bat;asm;asmx</Extensions>
    </Filter>
    <Filter Include="헤더 파일">
      <UniqueIdentifier>{93995380-89BD-4b04-88EB-625FBE52EBFB}</UniqueIdentifier>
      <Extensions>h;hh;hpp;hxx;h++;hm;inl;inc;ipp;xsd</Extensions>
    </Filter>
    <Filter Include="리소스 파일">
      <UniqueIdentifier>{67DA6AB6-F800-4c08-8B7A-83BB121AAD01}</UniqueIdentifier>
      <Extensions>rc;ico;cur;bmp;dlg;rc2;rct;bin;rgs;gif;jpg;jpeg;jpe;resx;tiff;tif;png;wav;mfcribbon-ms</Extensions>
    </Filter>
    <Filter Include="소스 파일\NGP">
      <UniqueIdentifier>{e7e4ac8b-2f84-41f1-8cf4-29a45bf9a810}</UniqueIdentifier>
    </Filter>
    <Filter Include="헤더 파일\NGP">
      <UniqueIdentifier>{f80b747a-72c3-432f-891e-c445a1e39a54}</UniqueIdentifier>
    </Filter>
  </ItemGroup>
  <ItemGroup>
    <ClCompile Include="Server.cpp">
      <Filter>소스 파일</Filter>
    </ClCompile>
    <ClCompile Include="Rooms.cpp">
      <Filter>소스 파일</Filter>
    </ClCompile>
    <ClCompile Include="db.cpp">
      <Filter>소스 파일</Filter>
    </ClCompile>
    <ClCompile Include="NGP\ngp.cpp">
      <Filter>소스 파일\NGP</Filter>
    </ClCompile>
  </ItemGroup>
  <ItemGroup>
    <ClInclude Include="Rooms.h">
      <Filter>헤더 파일</Filter>
    </ClInclude>
    <ClInclude Include="db.h">
      <Filter>헤더 파일</Filter>
    </ClInclude>
    <ClInclude Include="NGP\ngp.h">
      <Filter>헤더 파일\NGP</Filter>
    </ClInclude>
    <ClInclude Include="..\..\..\mylib\myheader.h">
      <Filter>헤더 파일</Filter>
    </ClInclude>
  </ItemGroup>
</Project>